
Microsoft Visual Studio Solution File, Format Version 12.00
# Visual Studio Version 16
VisualStudioVersion = 16.0.31019.35
MinimumVisualStudioVersion = 10.0.40219.1
Project("{FAE04EC0-301F-11D3-BF4B-00C04F79EFBC}") = "Fasada_Adapter", "Fasada_Adapter\Fasada_Adapter.csproj", "{C89DD154-FEF3-4B91-BA96-1A79406A8938}"
EndProject
Global
	GlobalSection(SolutionConfigurationPlatforms) = preSolution
		Debug|Any CPU = Debug|Any CPU
		Release|Any CPU = Release|Any CPU
	EndGlobalSection
	GlobalSection(ProjectConfigurationPlatforms) = postSolution
		{C89DD154-FEF3-4B91-BA96-1A79406A8938}.Debug|Any CPU.ActiveCfg = Debug|Any CPU
		{C89DD154-FEF3-4B91-BA96-1A79406A8938}.Debug|Any CPU.Build.0 = Debug|Any CPU
		{C89DD154-FEF3-4B91-BA96-1A79406A8938}.Release|Any CPU.ActiveCfg = Release|Any CPU
		{C89DD154-FEF3-4B91-BA96-1A79406A8938}.Release|Any CPU.Build.0 = Release|Any CPU
	EndGlobalSection
	GlobalSection(SolutionProperties) = preSolution
		HideSolutionNode = FALSE
	EndGlobalSection
	GlobalSection(ExtensibilityGlobals) = postSolution
		SolutionGuid = {ED8469F0-C022-49BE-9F13-D31D97EE03C8}
	EndGlobalSection
EndGlobal
